// !$*UTF8*$!
{
	archiveVersion = 1;
	classes = {
	};
	objectVersion = 54;
	objects = {

/* Begin PBXBuildFile section */
		00E356F31AD99517003FC87E /* health_io_appTests.m in Sources */ = {isa = PBXBuildFile; fileRef = 00E356F21AD99517003FC87E /* health_io_appTests.m */; };
		0C80B921A6F3F58F76C31292 /* libPods-health_io_app.a in Frameworks */ = {isa = PBXBuildFile; fileRef = 5DCACB8F33CDC322A6C60F78 /* libPods-health_io_app.a */; };
		13B07FBC1A68108700A75B9A /* AppDelegate.mm in Sources */ = {isa = PBXBuildFile; fileRef = 13B07FB01A68108700A75B9A /* AppDelegate.mm */; };
		13B07FBF1A68108700A75B9A /* Images.xcassets in Resources */ = {isa = PBXBuildFile; fileRef = 13B07FB51A68108700A75B9A /* Images.xcassets */; };
		13B07FC11A68108700A75B9A /* main.m in Sources */ = {isa = PBXBuildFile; fileRef = 13B07FB71A68108700A75B9A /* main.m */; };
		7699B88040F8A987B510C191 /* libPods-health_io_app-health_io_appTests.a in Frameworks */ = {isa = PBXBuildFile; fileRef = 19F6CBCC0A4E27FBF8BF4A61 /* libPods-health_io_app-health_io_appTests.a */; };
		81AB9BB82411601600AC10FF /* LaunchScreen.storyboard in Resources */ = {isa = PBXBuildFile; fileRef = 81AB9BB72411601600AC10FF /* LaunchScreen.storyboard */; };
		59D7CA98B402492DB2D700C0 /* BeVietnamPro-Black.ttf in Resources */ = {isa = PBXBuildFile; fileRef = 4566261C714045179BEB6FB9 /* BeVietnamPro-Black.ttf */; };
		65A21E13B135495F81B47ABF /* BeVietnamPro-BlackItalic.ttf in Resources */ = {isa = PBXBuildFile; fileRef = 9D7308D88D8B4FFEBAF6FE9E /* BeVietnamPro-BlackItalic.ttf */; };
		0B9927BF4FAC4E7DB301CADF /* BeVietnamPro-Bold.ttf in Resources */ = {isa = PBXBuildFile; fileRef = 2F8ECD28E0524BA8B002427B /* BeVietnamPro-Bold.ttf */; };
		76C4EC803A7E435592D07D26 /* BeVietnamPro-BoldItalic.ttf in Resources */ = {isa = PBXBuildFile; fileRef = 0496AB4B279A4CEC816313A5 /* BeVietnamPro-BoldItalic.ttf */; };
		0E394FE0718D42DC83AC19E1 /* BeVietnamPro-ExtraBold.ttf in Resources */ = {isa = PBXBuildFile; fileRef = AE673FD5E0BC4373AC111FFD /* BeVietnamPro-ExtraBold.ttf */; };
		F3E755A673F4475BA3B6C62F /* BeVietnamPro-ExtraBoldItalic.ttf in Resources */ = {isa = PBXBuildFile; fileRef = 4A26A37F59264011AD84CF56 /* BeVietnamPro-ExtraBoldItalic.ttf */; };
		6198AF499ED943D1A026CAEE /* BeVietnamPro-ExtraLight.ttf in Resources */ = {isa = PBXBuildFile; fileRef = 415B45BF008F4F01B56002AD /* BeVietnamPro-ExtraLight.ttf */; };
		7D6E64C5ACF646CA94882D0C /* BeVietnamPro-ExtraLightItalic.ttf in Resources */ = {isa = PBXBuildFile; fileRef = 26D1E0B6CB834C0F9EC92334 /* BeVietnamPro-ExtraLightItalic.ttf */; };
		AFC35B1F5E10485AA73676DF /* BeVietnamPro-Italic.ttf in Resources */ = {isa = PBXBuildFile; fileRef = A5AADA4620A94B289D2D3EF5 /* BeVietnamPro-Italic.ttf */; };
		ED8C24861B5A4D3B81198D03 /* BeVietnamPro-Light.ttf in Resources */ = {isa = PBXBuildFile; fileRef = 521474AF4400422094DE64EC /* BeVietnamPro-Light.ttf */; };
		94F07F470DEC4CEF9B9FB1D2 /* BeVietnamPro-LightItalic.ttf in Resources */ = {isa = PBXBuildFile; fileRef = ECDD11C91140476E95E0176E /* BeVietnamPro-LightItalic.ttf */; };
		A3CBA69034064275A19D126C /* BeVietnamPro-Medium.ttf in Resources */ = {isa = PBXBuildFile; fileRef = 1659BE8EC0384237A4FC23F3 /* BeVietnamPro-Medium.ttf */; };
		7FFCD099C42B4112A0034526 /* BeVietnamPro-MediumItalic.ttf in Resources */ = {isa = PBXBuildFile; fileRef = 60207015B3624328A1A773F7 /* BeVietnamPro-MediumItalic.ttf */; };
		11601CA2B4D5423C91243978 /* BeVietnamPro-Regular.ttf in Resources */ = {isa = PBXBuildFile; fileRef = 7F8173E3D47E4DBB9D47FC3E /* BeVietnamPro-Regular.ttf */; };
		C90B9A099A314694AC88BCA6 /* BeVietnamPro-SemiBold.ttf in Resources */ = {isa = PBXBuildFile; fileRef = F617C9E71F2042D5A3CADD86 /* BeVietnamPro-SemiBold.ttf */; };
		71FB78607B8B442BBE7C10E0 /* BeVietnamPro-SemiBoldItalic.ttf in Resources */ = {isa = PBXBuildFile; fileRef = D281D6D46A73466C8BE4E1A4 /* BeVietnamPro-SemiBoldItalic.ttf */; };
		93713E98F38441AD8241CABD /* BeVietnamPro-Thin.ttf in Resources */ = {isa = PBXBuildFile; fileRef = E702E2CA058446DF8BED9F1A /* BeVietnamPro-Thin.ttf */; };
		D81570B70EE94BCE8E87C735 /* BeVietnamPro-ThinItalic.ttf in Resources */ = {isa = PBXBuildFile; fileRef = 71213E17906642F1A67404CB /* BeVietnamPro-ThinItalic.ttf */; };
		0CE6A435F08B47359A2F8DD8 /* OFL.txt in Resources */ = {isa = PBXBuildFile; fileRef = 58CFA6E7D3804211A4729797 /* OFL.txt */; };
/* End PBXBuildFile section */

/* Begin PBXContainerItemProxy section */
		00E356F41AD99517003FC87E /* PBXContainerItemProxy */ = {
			isa = PBXContainerItemProxy;
			containerPortal = 83CBB9F71A601CBA00E9B192 /* Project object */;
			proxyType = 1;
			remoteGlobalIDString = 13B07F861A680F5B00A75B9A;
			remoteInfo = health_io_app;
		};
/* End PBXContainerItemProxy section */

/* Begin PBXFileReference section */
		00E356EE1AD99517003FC87E /* health_io_appTests.xctest */ = {isa = PBXFileReference; explicitFileType = wrapper.cfbundle; includeInIndex = 0; path = health_io_appTests.xctest; sourceTree = BUILT_PRODUCTS_DIR; };
		00E356F11AD99517003FC87E /* Info.plist */ = {isa = PBXFileReference; lastKnownFileType = text.plist.xml; path = Info.plist; sourceTree = "<group>"; };
		00E356F21AD99517003FC87E /* health_io_appTests.m */ = {isa = PBXFileReference; lastKnownFileType = sourcecode.c.objc; path = health_io_appTests.m; sourceTree = "<group>"; };
		13B07F961A680F5B00A75B9A /* health_io_app.app */ = {isa = PBXFileReference; explicitFileType = wrapper.application; includeInIndex = 0; path = health_io_app.app; sourceTree = BUILT_PRODUCTS_DIR; };
		13B07FAF1A68108700A75B9A /* AppDelegate.h */ = {isa = PBXFileReference; fileEncoding = 4; lastKnownFileType = sourcecode.c.h; name = AppDelegate.h; path = health_io_app/AppDelegate.h; sourceTree = "<group>"; };
		13B07FB01A68108700A75B9A /* AppDelegate.mm */ = {isa = PBXFileReference; fileEncoding = 4; lastKnownFileType = sourcecode.cpp.objcpp; name = AppDelegate.mm; path = health_io_app/AppDelegate.mm; sourceTree = "<group>"; };
		13B07FB51A68108700A75B9A /* Images.xcassets */ = {isa = PBXFileReference; lastKnownFileType = folder.assetcatalog; name = Images.xcassets; path = health_io_app/Images.xcassets; sourceTree = "<group>"; };
		13B07FB61A68108700A75B9A /* Info.plist */ = {isa = PBXFileReference; fileEncoding = 4; lastKnownFileType = text.plist.xml; name = Info.plist; path = health_io_app/Info.plist; sourceTree = "<group>"; };
		13B07FB71A68108700A75B9A /* main.m */ = {isa = PBXFileReference; fileEncoding = 4; lastKnownFileType = sourcecode.c.objc; name = main.m; path = health_io_app/main.m; sourceTree = "<group>"; };
		19F6CBCC0A4E27FBF8BF4A61 /* libPods-health_io_app-health_io_appTests.a */ = {isa = PBXFileReference; explicitFileType = archive.ar; includeInIndex = 0; path = "libPods-health_io_app-health_io_appTests.a"; sourceTree = BUILT_PRODUCTS_DIR; };
		3B4392A12AC88292D35C810B /* Pods-health_io_app.debug.xcconfig */ = {isa = PBXFileReference; includeInIndex = 1; lastKnownFileType = text.xcconfig; name = "Pods-health_io_app.debug.xcconfig"; path = "Target Support Files/Pods-health_io_app/Pods-health_io_app.debug.xcconfig"; sourceTree = "<group>"; };
		5709B34CF0A7D63546082F79 /* Pods-health_io_app.release.xcconfig */ = {isa = PBXFileReference; includeInIndex = 1; lastKnownFileType = text.xcconfig; name = "Pods-health_io_app.release.xcconfig"; path = "Target Support Files/Pods-health_io_app/Pods-health_io_app.release.xcconfig"; sourceTree = "<group>"; };
		5B7EB9410499542E8C5724F5 /* Pods-health_io_app-health_io_appTests.debug.xcconfig */ = {isa = PBXFileReference; includeInIndex = 1; lastKnownFileType = text.xcconfig; name = "Pods-health_io_app-health_io_appTests.debug.xcconfig"; path = "Target Support Files/Pods-health_io_app-health_io_appTests/Pods-health_io_app-health_io_appTests.debug.xcconfig"; sourceTree = "<group>"; };
		5DCACB8F33CDC322A6C60F78 /* libPods-health_io_app.a */ = {isa = PBXFileReference; explicitFileType = archive.ar; includeInIndex = 0; path = "libPods-health_io_app.a"; sourceTree = BUILT_PRODUCTS_DIR; };
		81AB9BB72411601600AC10FF /* LaunchScreen.storyboard */ = {isa = PBXFileReference; fileEncoding = 4; lastKnownFileType = file.storyboard; name = LaunchScreen.storyboard; path = health_io_app/LaunchScreen.storyboard; sourceTree = "<group>"; };
		89C6BE57DB24E9ADA2F236DE /* Pods-health_io_app-health_io_appTests.release.xcconfig */ = {isa = PBXFileReference; includeInIndex = 1; lastKnownFileType = text.xcconfig; name = "Pods-health_io_app-health_io_appTests.release.xcconfig"; path = "Target Support Files/Pods-health_io_app-health_io_appTests/Pods-health_io_app-health_io_appTests.release.xcconfig"; sourceTree = "<group>"; };
		ED297162215061F000B7C4FE /* JavaScriptCore.framework */ = {isa = PBXFileReference; lastKnownFileType = wrapper.framework; name = JavaScriptCore.framework; path = System/Library/Frameworks/JavaScriptCore.framework; sourceTree = SDKROOT; };
		4566261C714045179BEB6FB9 /* BeVietnamPro-Black.ttf */ = {isa = PBXFileReference; name = "BeVietnamPro-Black.ttf"; path = "../src/assets/fonts/BeVietnamPro-Black.ttf"; sourceTree = "<group>"; fileEncoding = undefined; lastKnownFileType = unknown; explicitFileType = undefined; includeInIndex = 0; };
		9D7308D88D8B4FFEBAF6FE9E /* BeVietnamPro-BlackItalic.ttf */ = {isa = PBXFileReference; name = "BeVietnamPro-BlackItalic.ttf"; path = "../src/assets/fonts/BeVietnamPro-BlackItalic.ttf"; sourceTree = "<group>"; fileEncoding = undefined; lastKnownFileType = unknown; explicitFileType = undefined; includeInIndex = 0; };
		2F8ECD28E0524BA8B002427B /* BeVietnamPro-Bold.ttf */ = {isa = PBXFileReference; name = "BeVietnamPro-Bold.ttf"; path = "../src/assets/fonts/BeVietnamPro-Bold.ttf"; sourceTree = "<group>"; fileEncoding = undefined; lastKnownFileType = unknown; explicitFileType = undefined; includeInIndex = 0; };
		0496AB4B279A4CEC816313A5 /* BeVietnamPro-BoldItalic.ttf */ = {isa = PBXFileReference; name = "BeVietnamPro-BoldItalic.ttf"; path = "../src/assets/fonts/BeVietnamPro-BoldItalic.ttf"; sourceTree = "<group>"; fileEncoding = undefined; lastKnownFileType = unknown; explicitFileType = undefined; includeInIndex = 0; };
		AE673FD5E0BC4373AC111FFD /* BeVietnamPro-ExtraBold.ttf */ = {isa = PBXFileReference; name = "BeVietnamPro-ExtraBold.ttf"; path = "../src/assets/fonts/BeVietnamPro-ExtraBold.ttf"; sourceTree = "<group>"; fileEncoding = undefined; lastKnownFileType = unknown; explicitFileType = undefined; includeInIndex = 0; };
		4A26A37F59264011AD84CF56 /* BeVietnamPro-ExtraBoldItalic.ttf */ = {isa = PBXFileReference; name = "BeVietnamPro-ExtraBoldItalic.ttf"; path = "../src/assets/fonts/BeVietnamPro-ExtraBoldItalic.ttf"; sourceTree = "<group>"; fileEncoding = undefined; lastKnownFileType = unknown; explicitFileType = undefined; includeInIndex = 0; };
		415B45BF008F4F01B56002AD /* BeVietnamPro-ExtraLight.ttf */ = {isa = PBXFileReference; name = "BeVietnamPro-ExtraLight.ttf"; path = "../src/assets/fonts/BeVietnamPro-ExtraLight.ttf"; sourceTree = "<group>"; fileEncoding = undefined; lastKnownFileType = unknown; explicitFileType = undefined; includeInIndex = 0; };
		26D1E0B6CB834C0F9EC92334 /* BeVietnamPro-ExtraLightItalic.ttf */ = {isa = PBXFileReference; name = "BeVietnamPro-ExtraLightItalic.ttf"; path = "../src/assets/fonts/BeVietnamPro-ExtraLightItalic.ttf"; sourceTree = "<group>"; fileEncoding = undefined; lastKnownFileType = unknown; explicitFileType = undefined; includeInIndex = 0; };
		A5AADA4620A94B289D2D3EF5 /* BeVietnamPro-Italic.ttf */ = {isa = PBXFileReference; name = "BeVietnamPro-Italic.ttf"; path = "../src/assets/fonts/BeVietnamPro-Italic.ttf"; sourceTree = "<group>"; fileEncoding = undefined; lastKnownFileType = unknown; explicitFileType = undefined; includeInIndex = 0; };
		521474AF4400422094DE64EC /* BeVietnamPro-Light.ttf */ = {isa = PBXFileReference; name = "BeVietnamPro-Light.ttf"; path = "../src/assets/fonts/BeVietnamPro-Light.ttf"; sourceTree = "<group>"; fileEncoding = undefined; lastKnownFileType = unknown; explicitFileType = undefined; includeInIndex = 0; };
		ECDD11C91140476E95E0176E /* BeVietnamPro-LightItalic.ttf */ = {isa = PBXFileReference; name = "BeVietnamPro-LightItalic.ttf"; path = "../src/assets/fonts/BeVietnamPro-LightItalic.ttf"; sourceTree = "<group>"; fileEncoding = undefined; lastKnownFileType = unknown; explicitFileType = undefined; includeInIndex = 0; };
		1659BE8EC0384237A4FC23F3 /* BeVietnamPro-Medium.ttf */ = {isa = PBXFileReference; name = "BeVietnamPro-Medium.ttf"; path = "../src/assets/fonts/BeVietnamPro-Medium.ttf"; sourceTree = "<group>"; fileEncoding = undefined; lastKnownFileType = unknown; explicitFileType = undefined; includeInIndex = 0; };
		60207015B3624328A1A773F7 /* BeVietnamPro-MediumItalic.ttf */ = {isa = PBXFileReference; name = "BeVietnamPro-MediumItalic.ttf"; path = "../src/assets/fonts/BeVietnamPro-MediumItalic.ttf"; sourceTree = "<group>"; fileEncoding = undefined; lastKnownFileType = unknown; explicitFileType = undefined; includeInIndex = 0; };
		7F8173E3D47E4DBB9D47FC3E /* BeVietnamPro-Regular.ttf */ = {isa = PBXFileReference; name = "BeVietnamPro-Regular.ttf"; path = "../src/assets/fonts/BeVietnamPro-Regular.ttf"; sourceTree = "<group>"; fileEncoding = undefined; lastKnownFileType = unknown; explicitFileType = undefined; includeInIndex = 0; };
		F617C9E71F2042D5A3CADD86 /* BeVietnamPro-SemiBold.ttf */ = {isa = PBXFileReference; name = "BeVietnamPro-SemiBold.ttf"; path = "../src/assets/fonts/BeVietnamPro-SemiBold.ttf"; sourceTree = "<group>"; fileEncoding = undefined; lastKnownFileType = unknown; explicitFileType = undefined; includeInIndex = 0; };
		D281D6D46A73466C8BE4E1A4 /* BeVietnamPro-SemiBoldItalic.ttf */ = {isa = PBXFileReference; name = "BeVietnamPro-SemiBoldItalic.ttf"; path = "../src/assets/fonts/BeVietnamPro-SemiBoldItalic.ttf"; sourceTree = "<group>"; fileEncoding = undefined; lastKnownFileType = unknown; explicitFileType = undefined; includeInIndex = 0; };
		E702E2CA058446DF8BED9F1A /* BeVietnamPro-Thin.ttf */ = {isa = PBXFileReference; name = "BeVietnamPro-Thin.ttf"; path = "../src/assets/fonts/BeVietnamPro-Thin.ttf"; sourceTree = "<group>"; fileEncoding = undefined; lastKnownFileType = unknown; explicitFileType = undefined; includeInIndex = 0; };
		71213E17906642F1A67404CB /* BeVietnamPro-ThinItalic.ttf */ = {isa = PBXFileReference; name = "BeVietnamPro-ThinItalic.ttf"; path = "../src/assets/fonts/BeVietnamPro-ThinItalic.ttf"; sourceTree = "<group>"; fileEncoding = undefined; lastKnownFileType = unknown; explicitFileType = undefined; includeInIndex = 0; };
		58CFA6E7D3804211A4729797 /* OFL.txt */ = {isa = PBXFileReference; name = "OFL.txt"; path = "../src/assets/fonts/OFL.txt"; sourceTree = "<group>"; fileEncoding = undefined; lastKnownFileType = unknown; explicitFileType = undefined; includeInIndex = 0; };
/* End PBXFileReference section */

/* Begin PBXFrameworksBuildPhase section */
		00E356EB1AD99517003FC87E /* Frameworks */ = {
			isa = PBXFrameworksBuildPhase;
			buildActionMask = 2147483647;
			files = (
				7699B88040F8A987B510C191 /* libPods-health_io_app-health_io_appTests.a in Frameworks */,
			);
			runOnlyForDeploymentPostprocessing = 0;
		};
		13B07F8C1A680F5B00A75B9A /* Frameworks */ = {
			isa = PBXFrameworksBuildPhase;
			buildActionMask = 2147483647;
			files = (
				0C80B921A6F3F58F76C31292 /* libPods-health_io_app.a in Frameworks */,
			);
			runOnlyForDeploymentPostprocessing = 0;
		};
/* End PBXFrameworksBuildPhase section */

/* Begin PBXGroup section */
		00E356EF1AD99517003FC87E /* health_io_appTests */ = {
			isa = PBXGroup;
			children = (
				00E356F21AD99517003FC87E /* health_io_appTests.m */,
				00E356F01AD99517003FC87E /* Supporting Files */,
			);
			path = health_io_appTests;
			sourceTree = "<group>";
		};
		00E356F01AD99517003FC87E /* Supporting Files */ = {
			isa = PBXGroup;
			children = (
				00E356F11AD99517003FC87E /* Info.plist */,
			);
			name = "Supporting Files";
			sourceTree = "<group>";
		};
		13B07FAE1A68108700A75B9A /* health_io_app */ = {
			isa = PBXGroup;
			children = (
				13B07FAF1A68108700A75B9A /* AppDelegate.h */,
				13B07FB01A68108700A75B9A /* AppDelegate.mm */,
				13B07FB51A68108700A75B9A /* Images.xcassets */,
				13B07FB61A68108700A75B9A /* Info.plist */,
				81AB9BB72411601600AC10FF /* LaunchScreen.storyboard */,
				13B07FB71A68108700A75B9A /* main.m */,
			);
			name = health_io_app;
			sourceTree = "<group>";
		};
		2D16E6871FA4F8E400B85C8A /* Frameworks */ = {
			isa = PBXGroup;
			children = (
				ED297162215061F000B7C4FE /* JavaScriptCore.framework */,
				5DCACB8F33CDC322A6C60F78 /* libPods-health_io_app.a */,
				19F6CBCC0A4E27FBF8BF4A61 /* libPods-health_io_app-health_io_appTests.a */,
			);
			name = Frameworks;
			sourceTree = "<group>";
		};
		832341AE1AAA6A7D00B99B32 /* Libraries */ = {
			isa = PBXGroup;
			children = (
			);
			name = Libraries;
			sourceTree = "<group>";
		};
		83CBB9F61A601CBA00E9B192 = {
			isa = PBXGroup;
			children = (
				13B07FAE1A68108700A75B9A /* health_io_app */,
				832341AE1AAA6A7D00B99B32 /* Libraries */,
				00E356EF1AD99517003FC87E /* health_io_appTests */,
				83CBBA001A601CBA00E9B192 /* Products */,
				2D16E6871FA4F8E400B85C8A /* Frameworks */,
				BBD78D7AC51CEA395F1C20DB /* Pods */,
				E5F8DC82034A4940947017E0 /* Resources */,
			);
			indentWidth = 2;
			sourceTree = "<group>";
			tabWidth = 2;
			usesTabs = 0;
		};
		83CBBA001A601CBA00E9B192 /* Products */ = {
			isa = PBXGroup;
			children = (
				13B07F961A680F5B00A75B9A /* health_io_app.app */,
				00E356EE1AD99517003FC87E /* health_io_appTests.xctest */,
			);
			name = Products;
			sourceTree = "<group>";
		};
		BBD78D7AC51CEA395F1C20DB /* Pods */ = {
			isa = PBXGroup;
			children = (
				3B4392A12AC88292D35C810B /* Pods-health_io_app.debug.xcconfig */,
				5709B34CF0A7D63546082F79 /* Pods-health_io_app.release.xcconfig */,
				5B7EB9410499542E8C5724F5 /* Pods-health_io_app-health_io_appTests.debug.xcconfig */,
				89C6BE57DB24E9ADA2F236DE /* Pods-health_io_app-health_io_appTests.release.xcconfig */,
			);
			path = Pods;
			sourceTree = "<group>";
		};
		E5F8DC82034A4940947017E0 /* Resources */ = {
			isa = PBXGroup;
			children = (
				4566261C714045179BEB6FB9 /* BeVietnamPro-Black.ttf */,
				9D7308D88D8B4FFEBAF6FE9E /* BeVietnamPro-BlackItalic.ttf */,
				2F8ECD28E0524BA8B002427B /* BeVietnamPro-Bold.ttf */,
				0496AB4B279A4CEC816313A5 /* BeVietnamPro-BoldItalic.ttf */,
				AE673FD5E0BC4373AC111FFD /* BeVietnamPro-ExtraBold.ttf */,
				4A26A37F59264011AD84CF56 /* BeVietnamPro-ExtraBoldItalic.ttf */,
				415B45BF008F4F01B56002AD /* BeVietnamPro-ExtraLight.ttf */,
				26D1E0B6CB834C0F9EC92334 /* BeVietnamPro-ExtraLightItalic.ttf */,
				A5AADA4620A94B289D2D3EF5 /* BeVietnamPro-Italic.ttf */,
				521474AF4400422094DE64EC /* BeVietnamPro-Light.ttf */,
				ECDD11C91140476E95E0176E /* BeVietnamPro-LightItalic.ttf */,
				1659BE8EC0384237A4FC23F3 /* BeVietnamPro-Medium.ttf */,
				60207015B3624328A1A773F7 /* BeVietnamPro-MediumItalic.ttf */,
				7F8173E3D47E4DBB9D47FC3E /* BeVietnamPro-Regular.ttf */,
				F617C9E71F2042D5A3CADD86 /* BeVietnamPro-SemiBold.ttf */,
				D281D6D46A73466C8BE4E1A4 /* BeVietnamPro-SemiBoldItalic.ttf */,
				E702E2CA058446DF8BED9F1A /* BeVietnamPro-Thin.ttf */,
				71213E17906642F1A67404CB /* BeVietnamPro-ThinItalic.ttf */,
				58CFA6E7D3804211A4729797 /* OFL.txt */,
			);
			name = Resources;
			sourceTree = "<group>";
		};
/* End PBXGroup section */

/* Begin PBXNativeTarget section */
		00E356ED1AD99517003FC87E /* health_io_appTests */ = {
			isa = PBXNativeTarget;
			buildConfigurationList = 00E357021AD99517003FC87E /* Build configuration list for PBXNativeTarget "health_io_appTests" */;
			buildPhases = (
				A55EABD7B0C7F3A422A6CC61 /* [CP] Check Pods Manifest.lock */,
				00E356EA1AD99517003FC87E /* Sources */,
				00E356EB1AD99517003FC87E /* Frameworks */,
				00E356EC1AD99517003FC87E /* Resources */,
				C59DA0FBD6956966B86A3779 /* [CP] Embed Pods Frameworks */,
				F6A41C54EA430FDDC6A6ED99 /* [CP] Copy Pods Resources */,
			);
			buildRules = (
			);
			dependencies = (
				00E356F51AD99517003FC87E /* PBXTargetDependency */,
			);
			name = health_io_appTests;
			productName = health_io_appTests;
			productReference = 00E356EE1AD99517003FC87E /* health_io_appTests.xctest */;
			productType = "com.apple.product-type.bundle.unit-test";
		};
		13B07F861A680F5B00A75B9A /* health_io_app */ = {
			isa = PBXNativeTarget;
			buildConfigurationList = 13B07F931A680F5B00A75B9A /* Build configuration list for PBXNativeTarget "health_io_app" */;
			buildPhases = (
				C38B50BA6285516D6DCD4F65 /* [CP] Check Pods Manifest.lock */,
				13B07F871A680F5B00A75B9A /* Sources */,
				13B07F8C1A680F5B00A75B9A /* Frameworks */,
				13B07F8E1A680F5B00A75B9A /* Resources */,
				00DD1BFF1BD5951E006B06BC /* Bundle React Native code and images */,
				00EEFC60759A1932668264C0 /* [CP] Embed Pods Frameworks */,
				E235C05ADACE081382539298 /* [CP] Copy Pods Resources */,
			);
			buildRules = (
			);
			dependencies = (
			);
			name = health_io_app;
			productName = health_io_app;
			productReference = 13B07F961A680F5B00A75B9A /* health_io_app.app */;
			productType = "com.apple.product-type.application";
		};
/* End PBXNativeTarget section */

/* Begin PBXProject section */
		83CBB9F71A601CBA00E9B192 /* Project object */ = {
			isa = PBXProject;
			attributes = {
				LastUpgradeCheck = 1210;
				TargetAttributes = {
					00E356ED1AD99517003FC87E = {
						CreatedOnToolsVersion = 6.2;
						TestTargetID = 13B07F861A680F5B00A75B9A;
					};
					13B07F861A680F5B00A75B9A = {
						LastSwiftMigration = 1120;
					};
				};
			};
			buildConfigurationList = 83CBB9FA1A601CBA00E9B192 /* Build configuration list for PBXProject "health_io_app" */;
			compatibilityVersion = "Xcode 12.0";
			developmentRegion = en;
			hasScannedForEncodings = 0;
			knownRegions = (
				en,
				Base,
			);
			mainGroup = 83CBB9F61A601CBA00E9B192;
			productRefGroup = 83CBBA001A601CBA00E9B192 /* Products */;
			projectDirPath = "";
			projectRoot = "";
			targets = (
				13B07F861A680F5B00A75B9A /* health_io_app */,
				00E356ED1AD99517003FC87E /* health_io_appTests */,
			);
		};
/* End PBXProject section */

/* Begin PBXResourcesBuildPhase section */
		00E356EC1AD99517003FC87E /* Resources */ = {
			isa = PBXResourcesBuildPhase;
			buildActionMask = 2147483647;
			files = (
			);
			runOnlyForDeploymentPostprocessing = 0;
		};
		13B07F8E1A680F5B00A75B9A /* Resources */ = {
			isa = PBXResourcesBuildPhase;
			buildActionMask = 2147483647;
			files = (
				81AB9BB82411601600AC10FF /* LaunchScreen.storyboard in Resources */,
				13B07FBF1A68108700A75B9A /* Images.xcassets in Resources */,
				59D7CA98B402492DB2D700C0 /* BeVietnamPro-Black.ttf in Resources */,
				65A21E13B135495F81B47ABF /* BeVietnamPro-BlackItalic.ttf in Resources */,
				0B9927BF4FAC4E7DB301CADF /* BeVietnamPro-Bold.ttf in Resources */,
				76C4EC803A7E435592D07D26 /* BeVietnamPro-BoldItalic.ttf in Resources */,
				0E394FE0718D42DC83AC19E1 /* BeVietnamPro-ExtraBold.ttf in Resources */,
				F3E755A673F4475BA3B6C62F /* BeVietnamPro-ExtraBoldItalic.ttf in Resources */,
				6198AF499ED943D1A026CAEE /* BeVietnamPro-ExtraLight.ttf in Resources */,
				7D6E64C5ACF646CA94882D0C /* BeVietnamPro-ExtraLightItalic.ttf in Resources */,
				AFC35B1F5E10485AA73676DF /* BeVietnamPro-Italic.ttf in Resources */,
				ED8C24861B5A4D3B81198D03 /* BeVietnamPro-Light.ttf in Resources */,
				94F07F470DEC4CEF9B9FB1D2 /* BeVietnamPro-LightItalic.ttf in Resources */,
				A3CBA69034064275A19D126C /* BeVietnamPro-Medium.ttf in Resources */,
				7FFCD099C42B4112A0034526 /* BeVietnamPro-MediumItalic.ttf in Resources */,
				11601CA2B4D5423C91243978 /* BeVietnamPro-Regular.ttf in Resources */,
				C90B9A099A314694AC88BCA6 /* BeVietnamPro-SemiBold.ttf in Resources */,
				71FB78607B8B442BBE7C10E0 /* BeVietnamPro-SemiBoldItalic.ttf in Resources */,
				93713E98F38441AD8241CABD /* BeVietnamPro-Thin.ttf in Resources */,
				D81570B70EE94BCE8E87C735 /* BeVietnamPro-ThinItalic.ttf in Resources */,
				0CE6A435F08B47359A2F8DD8 /* OFL.txt in Resources */,
			);
			runOnlyForDeploymentPostprocessing = 0;
		};
/* End PBXResourcesBuildPhase section */

/* Begin PBXShellScriptBuildPhase section */
		00DD1BFF1BD5951E006B06BC /* Bundle React Native code and images */ = {
			isa = PBXShellScriptBuildPhase;
			buildActionMask = 2147483647;
			files = (
			);
			inputPaths = (
				"$(SRCROOT)/.xcode.env.local",
				"$(SRCROOT)/.xcode.env",
			);
			name = "Bundle React Native code and images";
			outputPaths = (
			);
			runOnlyForDeploymentPostprocessing = 0;
			shellPath = /bin/sh;
			shellScript = "set -e\n\nWITH_ENVIRONMENT=\"../node_modules/react-native/scripts/xcode/with-environment.sh\"\nREACT_NATIVE_XCODE=\"../node_modules/react-native/scripts/react-native-xcode.sh\"\n\n/bin/sh -c \"$WITH_ENVIRONMENT $REACT_NATIVE_XCODE\"\n";
		};
		00EEFC60759A1932668264C0 /* [CP] Embed Pods Frameworks */ = {
			isa = PBXShellScriptBuildPhase;
			buildActionMask = 2147483647;
			files = (
			);
			inputFileListPaths = (
				"${PODS_ROOT}/Target Support Files/Pods-health_io_app/Pods-health_io_app-frameworks-${CONFIGURATION}-input-files.xcfilelist",
			);
			name = "[CP] Embed Pods Frameworks";
			outputFileListPaths = (
				"${PODS_ROOT}/Target Support Files/Pods-health_io_app/Pods-health_io_app-frameworks-${CONFIGURATION}-output-files.xcfilelist",
			);
			runOnlyForDeploymentPostprocessing = 0;
			shellPath = /bin/sh;
			shellScript = "\"${PODS_ROOT}/Target Support Files/Pods-health_io_app/Pods-health_io_app-frameworks.sh\"\n";
			showEnvVarsInLog = 0;
		};
		A55EABD7B0C7F3A422A6CC61 /* [CP] Check Pods Manifest.lock */ = {
			isa = PBXShellScriptBuildPhase;
			buildActionMask = 2147483647;
			files = (
			);
			inputFileListPaths = (
			);
			inputPaths = (
				"${PODS_PODFILE_DIR_PATH}/Podfile.lock",
				"${PODS_ROOT}/Manifest.lock",
			);
			name = "[CP] Check Pods Manifest.lock";
			outputFileListPaths = (
			);
			outputPaths = (
				"$(DERIVED_FILE_DIR)/Pods-health_io_app-health_io_appTests-checkManifestLockResult.txt",
			);
			runOnlyForDeploymentPostprocessing = 0;
			shellPath = /bin/sh;
			shellScript = "diff \"${PODS_PODFILE_DIR_PATH}/Podfile.lock\" \"${PODS_ROOT}/Manifest.lock\" > /dev/null\nif [ $? != 0 ] ; then\n    # print error to STDERR\n    echo \"error: The sandbox is not in sync with the Podfile.lock. Run 'pod install' or update your CocoaPods installation.\" >&2\n    exit 1\nfi\n# This output is used by Xcode 'outputs' to avoid re-running this script phase.\necho \"SUCCESS\" > \"${SCRIPT_OUTPUT_FILE_0}\"\n";
			showEnvVarsInLog = 0;
		};
		C38B50BA6285516D6DCD4F65 /* [CP] Check Pods Manifest.lock */ = {
			isa = PBXShellScriptBuildPhase;
			buildActionMask = 2147483647;
			files = (
			);
			inputFileListPaths = (
			);
			inputPaths = (
				"${PODS_PODFILE_DIR_PATH}/Podfile.lock",
				"${PODS_ROOT}/Manifest.lock",
			);
			name = "[CP] Check Pods Manifest.lock";
			outputFileListPaths = (
			);
			outputPaths = (
				"$(DERIVED_FILE_DIR)/Pods-health_io_app-checkManifestLockResult.txt",
			);
			runOnlyForDeploymentPostprocessing = 0;
			shellPath = /bin/sh;
			shellScript = "diff \"${PODS_PODFILE_DIR_PATH}/Podfile.lock\" \"${PODS_ROOT}/Manifest.lock\" > /dev/null\nif [ $? != 0 ] ; then\n    # print error to STDERR\n    echo \"error: The sandbox is not in sync with the Podfile.lock. Run 'pod install' or update your CocoaPods installation.\" >&2\n    exit 1\nfi\n# This output is used by Xcode 'outputs' to avoid re-running this script phase.\necho \"SUCCESS\" > \"${SCRIPT_OUTPUT_FILE_0}\"\n";
			showEnvVarsInLog = 0;
		};
		C59DA0FBD6956966B86A3779 /* [CP] Embed Pods Frameworks */ = {
			isa = PBXShellScriptBuildPhase;
			buildActionMask = 2147483647;
			files = (
			);
			inputFileListPaths = (
				"${PODS_ROOT}/Target Support Files/Pods-health_io_app-health_io_appTests/Pods-health_io_app-health_io_appTests-frameworks-${CONFIGURATION}-input-files.xcfilelist",
			);
			name = "[CP] Embed Pods Frameworks";
			outputFileListPaths = (
				"${PODS_ROOT}/Target Support Files/Pods-health_io_app-health_io_appTests/Pods-health_io_app-health_io_appTests-frameworks-${CONFIGURATION}-output-files.xcfilelist",
			);
			runOnlyForDeploymentPostprocessing = 0;
			shellPath = /bin/sh;
			shellScript = "\"${PODS_ROOT}/Target Support Files/Pods-health_io_app-health_io_appTests/Pods-health_io_app-health_io_appTests-frameworks.sh\"\n";
			showEnvVarsInLog = 0;
		};
		E235C05ADACE081382539298 /* [CP] Copy Pods Resources */ = {
			isa = PBXShellScriptBuildPhase;
			buildActionMask = 2147483647;
			files = (
			);
			inputFileListPaths = (
				"${PODS_ROOT}/Target Support Files/Pods-health_io_app/Pods-health_io_app-resources-${CONFIGURATION}-input-files.xcfilelist",
			);
			name = "[CP] Copy Pods Resources";
			outputFileListPaths = (
				"${PODS_ROOT}/Target Support Files/Pods-health_io_app/Pods-health_io_app-resources-${CONFIGURATION}-output-files.xcfilelist",
			);
			runOnlyForDeploymentPostprocessing = 0;
			shellPath = /bin/sh;
			shellScript = "\"${PODS_ROOT}/Target Support Files/Pods-health_io_app/Pods-health_io_app-resources.sh\"\n";
			showEnvVarsInLog = 0;
		};
		F6A41C54EA430FDDC6A6ED99 /* [CP] Copy Pods Resources */ = {
			isa = PBXShellScriptBuildPhase;
			buildActionMask = 2147483647;
			files = (
			);
			inputFileListPaths = (
				"${PODS_ROOT}/Target Support Files/Pods-health_io_app-health_io_appTests/Pods-health_io_app-health_io_appTests-resources-${CONFIGURATION}-input-files.xcfilelist",
			);
			name = "[CP] Copy Pods Resources";
			outputFileListPaths = (
				"${PODS_ROOT}/Target Support Files/Pods-health_io_app-health_io_appTests/Pods-health_io_app-health_io_appTests-resources-${CONFIGURATION}-output-files.xcfilelist",
			);
			runOnlyForDeploymentPostprocessing = 0;
			shellPath = /bin/sh;
			shellScript = "\"${PODS_ROOT}/Target Support Files/Pods-health_io_app-health_io_appTests/Pods-health_io_app-health_io_appTests-resources.sh\"\n";
			showEnvVarsInLog = 0;
		};
/* End PBXShellScriptBuildPhase section */

/* Begin PBXSourcesBuildPhase section */
		00E356EA1AD99517003FC87E /* Sources */ = {
			isa = PBXSourcesBuildPhase;
			buildActionMask = 2147483647;
			files = (
				00E356F31AD99517003FC87E /* health_io_appTests.m in Sources */,
			);
			runOnlyForDeploymentPostprocessing = 0;
		};
		13B07F871A680F5B00A75B9A /* Sources */ = {
			isa = PBXSourcesBuildPhase;
			buildActionMask = 2147483647;
			files = (
				13B07FBC1A68108700A75B9A /* AppDelegate.mm in Sources */,
				13B07FC11A68108700A75B9A /* main.m in Sources */,
			);
			runOnlyForDeploymentPostprocessing = 0;
		};
/* End PBXSourcesBuildPhase section */

/* Begin PBXTargetDependency section */
		00E356F51AD99517003FC87E /* PBXTargetDependency */ = {
			isa = PBXTargetDependency;
			target = 13B07F861A680F5B00A75B9A /* health_io_app */;
			targetProxy = 00E356F41AD99517003FC87E /* PBXContainerItemProxy */;
		};
/* End PBXTargetDependency section */

/* Begin XCBuildConfiguration section */
		00E356F61AD99517003FC87E /* Debug */ = {
			isa = XCBuildConfiguration;
			baseConfigurationReference = 5B7EB9410499542E8C5724F5 /* Pods-health_io_app-health_io_appTests.debug.xcconfig */;
			buildSettings = {
				BUNDLE_LOADER = "$(TEST_HOST)";
				GCC_PREPROCESSOR_DEFINITIONS = (
					"DEBUG=1",
					"$(inherited)",
				);
				INFOPLIST_FILE = health_io_appTests/Info.plist;
				IPHONEOS_DEPLOYMENT_TARGET = 13.4;
				LD_RUNPATH_SEARCH_PATHS = (
					"$(inherited)",
					"@executable_path/Frameworks",
					"@loader_path/Frameworks",
				);
				OTHER_LDFLAGS = (
					"-ObjC",
					"-lc++",
					"$(inherited)",
				);
				PRODUCT_BUNDLE_IDENTIFIER = "org.reactjs.native.example.$(PRODUCT_NAME:rfc1034identifier)";
				PRODUCT_NAME = "$(TARGET_NAME)";
				TEST_HOST = "$(BUILT_PRODUCTS_DIR)/health_io_app.app/health_io_app";
			};
			name = Debug;
		};
		00E356F71AD99517003FC87E /* Release */ = {
			isa = XCBuildConfiguration;
			baseConfigurationReference = 89C6BE57DB24E9ADA2F236DE /* Pods-health_io_app-health_io_appTests.release.xcconfig */;
			buildSettings = {
				BUNDLE_LOADER = "$(TEST_HOST)";
				COPY_PHASE_STRIP = NO;
				INFOPLIST_FILE = health_io_appTests/Info.plist;
				IPHONEOS_DEPLOYMENT_TARGET = 13.4;
				LD_RUNPATH_SEARCH_PATHS = (
					"$(inherited)",
					"@executable_path/Frameworks",
					"@loader_path/Frameworks",
				);
				OTHER_LDFLAGS = (
					"-ObjC",
					"-lc++",
					"$(inherited)",
				);
				PRODUCT_BUNDLE_IDENTIFIER = "org.reactjs.native.example.$(PRODUCT_NAME:rfc1034identifier)";
				PRODUCT_NAME = "$(TARGET_NAME)";
				TEST_HOST = "$(BUILT_PRODUCTS_DIR)/health_io_app.app/health_io_app";
			};
			name = Release;
		};
		13B07F941A680F5B00A75B9A /* Debug */ = {
			isa = XCBuildConfiguration;
			baseConfigurationReference = 3B4392A12AC88292D35C810B /* Pods-health_io_app.debug.xcconfig */;
			buildSettings = {
				ASSETCATALOG_COMPILER_APPICON_NAME = AppIcon;
				CLANG_ENABLE_MODULES = YES;
				CURRENT_PROJECT_VERSION = 1;
				DEVELOPMENT_TEAM = 42QGFBZ8RZ;
				ENABLE_BITCODE = NO;
				INFOPLIST_FILE = health_io_app/Info.plist;
				LD_RUNPATH_SEARCH_PATHS = (
					"$(inherited)",
					"@executable_path/Frameworks",
				);
				MARKETING_VERSION = 1.0;
				OTHER_LDFLAGS = (
					"$(inherited)",
					"-ObjC",
					"-lc++",
				);
				PRODUCT_BUNDLE_IDENTIFIER = "org.reactjs.native.example.$(PRODUCT_NAME:rfc1034identifier)";
				PRODUCT_NAME = health_io_app;
				SWIFT_OPTIMIZATION_LEVEL = "-Onone";
				SWIFT_VERSION = 5.0;
				VERSIONING_SYSTEM = "apple-generic";
			};
			name = Debug;
		};
		13B07F951A680F5B00A75B9A /* Release */ = {
			isa = XCBuildConfiguration;
			baseConfigurationReference = 5709B34CF0A7D63546082F79 /* Pods-health_io_app.release.xcconfig */;
			buildSettings = {
				ASSETCATALOG_COMPILER_APPICON_NAME = AppIcon;
				CLANG_ENABLE_MODULES = YES;
				CURRENT_PROJECT_VERSION = 1;
				DEVELOPMENT_TEAM = 42QGFBZ8RZ;
				INFOPLIST_FILE = health_io_app/Info.plist;
				LD_RUNPATH_SEARCH_PATHS = (
					"$(inherited)",
					"@executable_path/Frameworks",
				);
				MARKETING_VERSION = 1.0;
				OTHER_LDFLAGS = (
					"$(inherited)",
					"-ObjC",
					"-lc++",
				);
				PRODUCT_BUNDLE_IDENTIFIER = "org.reactjs.native.example.$(PRODUCT_NAME:rfc1034identifier)";
				PRODUCT_NAME = health_io_app;
				SWIFT_VERSION = 5.0;
				VERSIONING_SYSTEM = "apple-generic";
			};
			name = Release;
		};
		83CBBA201A601CBA00E9B192 /* Debug */ = {
			isa = XCBuildConfiguration;
			buildSettings = {
				ALWAYS_SEARCH_USER_PATHS = NO;
				CLANG_ANALYZER_LOCALIZABILITY_NONLOCALIZED = YES;
				CLANG_CXX_LANGUAGE_STANDARD = "c++20";
				CLANG_CXX_LIBRARY = "libc++";
				CLANG_ENABLE_MODULES = YES;
				CLANG_ENABLE_OBJC_ARC = YES;
				CLANG_WARN_BLOCK_CAPTURE_AUTORELEASING = YES;
				CLANG_WARN_BOOL_CONVERSION = YES;
				CLANG_WARN_COMMA = YES;
				CLANG_WARN_CONSTANT_CONVERSION = YES;
				CLANG_WARN_DEPRECATED_OBJC_IMPLEMENTATIONS = YES;
				CLANG_WARN_DIRECT_OBJC_ISA_USAGE = YES_ERROR;
				CLANG_WARN_EMPTY_BODY = YES;
				CLANG_WARN_ENUM_CONVERSION = YES;
				CLANG_WARN_INFINITE_RECURSION = YES;
				CLANG_WARN_INT_CONVERSION = YES;
				CLANG_WARN_NON_LITERAL_NULL_CONVERSION = YES;
				CLANG_WARN_OBJC_IMPLICIT_RETAIN_SELF = YES;
				CLANG_WARN_OBJC_LITERAL_CONVERSION = YES;
				CLANG_WARN_OBJC_ROOT_CLASS = YES_ERROR;
				CLANG_WARN_QUOTED_INCLUDE_IN_FRAMEWORK_HEADER = YES;
				CLANG_WARN_RANGE_LOOP_ANALYSIS = YES;
				CLANG_WARN_STRICT_PROTOTYPES = YES;
				CLANG_WARN_SUSPICIOUS_MOVE = YES;
				CLANG_WARN_UNREACHABLE_CODE = YES;
				CLANG_WARN__DUPLICATE_METHOD_MATCH = YES;
				"CODE_SIGN_IDENTITY[sdk=iphoneos*]" = "iPhone Developer";
				COPY_PHASE_STRIP = NO;
				ENABLE_STRICT_OBJC_MSGSEND = YES;
				ENABLE_TESTABILITY = YES;
				"EXCLUDED_ARCHS[sdk=iphonesimulator*]" = i386;
				GCC_C_LANGUAGE_STANDARD = gnu99;
				GCC_DYNAMIC_NO_PIC = NO;
				GCC_NO_COMMON_BLOCKS = YES;
				GCC_OPTIMIZATION_LEVEL = 0;
				GCC_PREPROCESSOR_DEFINITIONS = (
					"DEBUG=1",
					"$(inherited)",
				);
				GCC_SYMBOLS_PRIVATE_EXTERN = NO;
				GCC_WARN_64_TO_32_BIT_CONVERSION = YES;
				GCC_WARN_ABOUT_RETURN_TYPE = YES_ERROR;
				GCC_WARN_UNDECLARED_SELECTOR = YES;
				GCC_WARN_UNINITIALIZED_AUTOS = YES_AGGRESSIVE;
				GCC_WARN_UNUSED_FUNCTION = YES;
				GCC_WARN_UNUSED_VARIABLE = YES;
				IPHONEOS_DEPLOYMENT_TARGET = 13.4;
				LD_RUNPATH_SEARCH_PATHS = (
					/usr/lib/swift,
					"$(inherited)",
				);
				LIBRARY_SEARCH_PATHS = (
					"\"$(SDKROOT)/usr/lib/swift\"",
					"\"$(TOOLCHAIN_DIR)/usr/lib/swift/$(PLATFORM_NAME)\"",
					"\"$(inherited)\"",
				);
				MTL_ENABLE_DEBUG_INFO = YES;
				ONLY_ACTIVE_ARCH = YES;
				OTHER_CFLAGS = "$(inherited)";
				OTHER_CPLUSPLUSFLAGS = (
					"$(OTHER_CFLAGS)",
					"-DFOLLY_NO_CONFIG",
					"-DFOLLY_MOBILE=1",
					"-DFOLLY_USE_LIBCPP=1",
					"-DFOLLY_CFG_NO_COROUTINES=1",
				);
				OTHER_LDFLAGS = "$(inherited)  ";
				REACT_NATIVE_PATH = "${PODS_ROOT}/../../node_modules/react-native";
				SDKROOT = iphoneos;
				USE_HERMES = true;
			};
			name = Debug;
		};
		83CBBA211A601CBA00E9B192 /* Release */ = {
			isa = XCBuildConfiguration;
			buildSettings = {
				ALWAYS_SEARCH_USER_PATHS = NO;
				CLANG_ANALYZER_LOCALIZABILITY_NONLOCALIZED = YES;
				CLANG_CXX_LANGUAGE_STANDARD = "c++20";
				CLANG_CXX_LIBRARY = "libc++";
				CLANG_ENABLE_MODULES = YES;
				CLANG_ENABLE_OBJC_ARC = YES;
				CLANG_WARN_BLOCK_CAPTURE_AUTORELEASING = YES;
				CLANG_WARN_BOOL_CONVERSION = YES;
				CLANG_WARN_COMMA = YES;
				CLANG_WARN_CONSTANT_CONVERSION = YES;
				CLANG_WARN_DEPRECATED_OBJC_IMPLEMENTATIONS = YES;
				CLANG_WARN_DIRECT_OBJC_ISA_USAGE = YES_ERROR;
				CLANG_WARN_EMPTY_BODY = YES;
				CLANG_WARN_ENUM_CONVERSION = YES;
				CLANG_WARN_INFINITE_RECURSION = YES;
				CLANG_WARN_INT_CONVERSION = YES;
				CLANG_WARN_NON_LITERAL_NULL_CONVERSION = YES;
				CLANG_WARN_OBJC_IMPLICIT_RETAIN_SELF = YES;
				CLANG_WARN_OBJC_LITERAL_CONVERSION = YES;
				CLANG_WARN_OBJC_ROOT_CLASS = YES_ERROR;
				CLANG_WARN_QUOTED_INCLUDE_IN_FRAMEWORK_HEADER = YES;
				CLANG_WARN_RANGE_LOOP_ANALYSIS = YES;
				CLANG_WARN_STRICT_PROTOTYPES = YES;
				CLANG_WARN_SUSPICIOUS_MOVE = YES;
				CLANG_WARN_UNREACHABLE_CODE = YES;
				CLANG_WARN__DUPLICATE_METHOD_MATCH = YES;
				"CODE_SIGN_IDENTITY[sdk=iphoneos*]" = "iPhone Developer";
				COPY_PHASE_STRIP = YES;
				ENABLE_NS_ASSERTIONS = NO;
				ENABLE_STRICT_OBJC_MSGSEND = YES;
				"EXCLUDED_ARCHS[sdk=iphonesimulator*]" = i386;
				GCC_C_LANGUAGE_STANDARD = gnu99;
				GCC_NO_COMMON_BLOCKS = YES;
				GCC_WARN_64_TO_32_BIT_CONVERSION = YES;
				GCC_WARN_ABOUT_RETURN_TYPE = YES_ERROR;
				GCC_WARN_UNDECLARED_SELECTOR = YES;
				GCC_WARN_UNINITIALIZED_AUTOS = YES_AGGRESSIVE;
				GCC_WARN_UNUSED_FUNCTION = YES;
				GCC_WARN_UNUSED_VARIABLE = YES;
				IPHONEOS_DEPLOYMENT_TARGET = 13.4;
				LD_RUNPATH_SEARCH_PATHS = (
					/usr/lib/swift,
					"$(inherited)",
				);
				LIBRARY_SEARCH_PATHS = (
					"\"$(SDKROOT)/usr/lib/swift\"",
					"\"$(TOOLCHAIN_DIR)/usr/lib/swift/$(PLATFORM_NAME)\"",
					"\"$(inherited)\"",
				);
				MTL_ENABLE_DEBUG_INFO = NO;
				OTHER_CFLAGS = "$(inherited)";
				OTHER_CPLUSPLUSFLAGS = (
					"$(OTHER_CFLAGS)",
					"-DFOLLY_NO_CONFIG",
					"-DFOLLY_MOBILE=1",
					"-DFOLLY_USE_LIBCPP=1",
					"-DFOLLY_CFG_NO_COROUTINES=1",
				);
				OTHER_LDFLAGS = "$(inherited)  ";
				REACT_NATIVE_PATH = "${PODS_ROOT}/../../node_modules/react-native";
				SDKROOT = iphoneos;
				USE_HERMES = true;
				VALIDATE_PRODUCT = YES;
			};
			name = Release;
		};
/* End XCBuildConfiguration section */

/* Begin XCConfigurationList section */
		00E357021AD99517003FC87E /* Build configuration list for PBXNativeTarget "health_io_appTests" */ = {
			isa = XCConfigurationList;
			buildConfigurations = (
				00E356F61AD99517003FC87E /* Debug */,
				00E356F71AD99517003FC87E /* Release */,
			);
			defaultConfigurationIsVisible = 0;
			defaultConfigurationName = Release;
		};
		13B07F931A680F5B00A75B9A /* Build configuration list for PBXNativeTarget "health_io_app" */ = {
			isa = XCConfigurationList;
			buildConfigurations = (
				13B07F941A680F5B00A75B9A /* Debug */,
				13B07F951A680F5B00A75B9A /* Release */,
			);
			defaultConfigurationIsVisible = 0;
			defaultConfigurationName = Release;
		};
		83CBB9FA1A601CBA00E9B192 /* Build configuration list for PBXProject "health_io_app" */ = {
			isa = XCConfigurationList;
			buildConfigurations = (
				83CBBA201A601CBA00E9B192 /* Debug */,
				83CBBA211A601CBA00E9B192 /* Release */,
			);
			defaultConfigurationIsVisible = 0;
			defaultConfigurationName = Release;
		};
/* End XCConfigurationList section */
	};
	rootObject = 83CBB9F71A601CBA00E9B192 /* Project object */;
}
